
Microsoft Visual Studio Solution File, Format Version 12.00
# Visual Studio Version 17
VisualStudioVersion = 17.3.32929.385
MinimumVisualStudioVersion = 10.0.40219.1
Project("{2150E333-8FDC-42A3-9474-1A3956D46DE8}") = "API", "API", "{21BBA0EE-2B3A-4E60-845B-5366D1119334}"
EndProject
Project("{2150E333-8FDC-42A3-9474-1A3956D46DE8}") = "Core", "Core", "{2B4642E9-43CE-4A6B-81ED-D8D21A1617A1}"
EndProject
Project("{2150E333-8FDC-42A3-9474-1A3956D46DE8}") = "Infrastructure", "Infrastructure", "{3C73504D-A496-437C-9DE4-CEB99FF3F020}"
EndProject
Project("{2150E333-8FDC-42A3-9474-1A3956D46DE8}") = "src", "src", "{DC11D4C8-3087-4DFA-B839-7EA428273B1D}"
EndProject
Project("{9A19103F-16F7-4668-BE54-9A1E7A4F7556}") = "PatientService.Api", "src\PatientService\PatientService.Api.csproj", "{588B3A88-FAB4-4365-9DE2-D50843655100}"
EndProject
Project("{9A19103F-16F7-4668-BE54-9A1E7A4F7556}") = "PatientService.Infrastructure", "src\Infrastructure\PatientService.Infrastructure\PatientService.Infrastructure.csproj", "{A98CAD07-742A-4987-8E52-1588D81A212C}"
EndProject
Project("{9A19103F-16F7-4668-BE54-9A1E7A4F7556}") = "PatientService.Core", "src\Core\PatientService.Core\PatientService.Core.csproj", "{EB23D7C1-B22F-4F4D-BCF5-A84FFEBB38D2}"
EndProject
Project("{2150E333-8FDC-42A3-9474-1A3956D46DE8}") = "tests", "tests", "{B48E9B98-E163-4DDD-A7C6-CB71B5B59618}"
EndProject
Global
	GlobalSection(SolutionConfigurationPlatforms) = preSolution
		Debug|Any CPU = Debug|Any CPU
		Release|Any CPU = Release|Any CPU
	EndGlobalSection
	GlobalSection(ProjectConfigurationPlatforms) = postSolution
		{588B3A88-FAB4-4365-9DE2-D50843655100}.Debug|Any CPU.ActiveCfg = Debug|Any CPU
		{588B3A88-FAB4-4365-9DE2-D50843655100}.Debug|Any CPU.Build.0 = Debug|Any CPU
		{588B3A88-FAB4-4365-9DE2-D50843655100}.Release|Any CPU.ActiveCfg = Release|Any CPU
		{588B3A88-FAB4-4365-9DE2-D50843655100}.Release|Any CPU.Build.0 = Release|Any CPU
		{A98CAD07-742A-4987-8E52-1588D81A212C}.Debug|Any CPU.ActiveCfg = Debug|Any CPU
		{A98CAD07-742A-4987-8E52-1588D81A212C}.Debug|Any CPU.Build.0 = Debug|Any CPU
		{A98CAD07-742A-4987-8E52-1588D81A212C}.Release|Any CPU.ActiveCfg = Release|Any CPU
		{A98CAD07-742A-4987-8E52-1588D81A212C}.Release|Any CPU.Build.0 = Release|Any CPU
		{EB23D7C1-B22F-4F4D-BCF5-A84FFEBB38D2}.Debug|Any CPU.ActiveCfg = Debug|Any CPU
		{EB23D7C1-B22F-4F4D-BCF5-A84FFEBB38D2}.Debug|Any CPU.Build.0 = Debug|Any CPU
		{EB23D7C1-B22F-4F4D-BCF5-A84FFEBB38D2}.Release|Any CPU.ActiveCfg = Release|Any CPU
		{EB23D7C1-B22F-4F4D-BCF5-A84FFEBB38D2}.Release|Any CPU.Build.0 = Release|Any CPU
	EndGlobalSection
	GlobalSection(SolutionProperties) = preSolution
		HideSolutionNode = FALSE
	EndGlobalSection
	GlobalSection(NestedProjects) = preSolution
		{21BBA0EE-2B3A-4E60-845B-5366D1119334} = {DC11D4C8-3087-4DFA-B839-7EA428273B1D}
		{2B4642E9-43CE-4A6B-81ED-D8D21A1617A1} = {DC11D4C8-3087-4DFA-B839-7EA428273B1D}
		{3C73504D-A496-437C-9DE4-CEB99FF3F020} = {DC11D4C8-3087-4DFA-B839-7EA428273B1D}
		{588B3A88-FAB4-4365-9DE2-D50843655100} = {21BBA0EE-2B3A-4E60-845B-5366D1119334}
		{A98CAD07-742A-4987-8E52-1588D81A212C} = {3C73504D-A496-437C-9DE4-CEB99FF3F020}
		{EB23D7C1-B22F-4F4D-BCF5-A84FFEBB38D2} = {2B4642E9-43CE-4A6B-81ED-D8D21A1617A1}
	EndGlobalSection
	GlobalSection(ExtensibilityGlobals) = postSolution
		SolutionGuid = {0C1D86EE-D181-4BC1-A7CE-DFFC5E103753}
	EndGlobalSection
EndGlobal
